{
  "lockfileVersion": 1,
  "workspaces": {
    "": {
      "name": "server",
      "dependencies": {
        "elysia": "^1.4.13",
        "prisma": "^6.18.0",
        "steam-totp": "^2.1.2",
        "steam-tradeoffer-manager": "^2.12.2",
        "steam-user": "^5.2.3",
        "steamcommunity": "^3.49.0",
      },
      "devDependencies": {
        "@types/bun": "latest",
      },
      "peerDependencies": {
        "typescript": "^5",
      },
    },
  },
  "packages": {
    "@bbob/parser": ["@bbob/parser@2.9.0", "", { "dependencies": { "@bbob/plugin-helper": "^2.9.0" } }, "sha512-tldSYsMoEclke/B1nqL7+HbYMWZHTKvpbEHRSHuY+sZvS1o7Jpdfjb+KPpwP9wLI3p3r7GPv69/wGy+Xibs9yA=="],

    "@bbob/plugin-helper": ["@bbob/plugin-helper@2.9.0", "", {}, "sha512-idpUcNQ2co6T1oU/7/DG/ZRfipSSkTn9Ozw9f5vaXH7nzV3qhqZnhFVlHTzGGnRlzKlBwWOBzOdWi4Zeqg1c5A=="],

    "@borewit/text-codec": ["@borewit/text-codec@0.1.1", "", {}, "sha512-5L/uBxmjaCIX5h8Z+uu+kA9BQLkc/Wl06UGR5ajNRxu+/XjonB5i8JpgFMrPj3LXTCPA0pv8yxUvbUi+QthGGA=="],

    "@doctormckay/stats-reporter": ["@doctormckay/stats-reporter@1.0.5", "", {}, "sha512-lCAuKW053zz91sKZZcGfOHxigBqn0Lo+/JvHBQq3XqzLJxn0YeZ5mJ96+PZto+PDCkgg+c/BX2Xo8DvAN44xLg=="],

    "@doctormckay/stdlib": ["@doctormckay/stdlib@1.16.1", "", {}, "sha512-XhuUOzElz6fnNdt70IYNKqhPAEpGaL4JHOhAvklRh0hAhVPW+/wLxaWT3DWUbaG5Dta5YvIp7+cZK3GhIpAuug=="],

    "@doctormckay/steam-crypto": ["@doctormckay/steam-crypto@1.2.0", "", {}, "sha512-lsxgLw640gEdZBOXpVIcYWcYD+V+QbtEsMPzRvjmjz2XXKc7QeEMyHL07yOFRmay+cUwO4ObKTJO0dSInEuq5g=="],

    "@doctormckay/user-agents": ["@doctormckay/user-agents@1.0.0", "", {}, "sha512-F+sL1YmebZTY2CnjoR9BXFEULpq7y8dxyLx48LZVa0BSDseXdLG/DtPISfM1iNv1XKCeiBzVNfAT/MOQ69v1Zw=="],

    "@prisma/config": ["@prisma/config@6.18.0", "", { "dependencies": { "c12": "3.1.0", "deepmerge-ts": "7.1.5", "effect": "3.18.4", "empathic": "2.0.0" } }, "sha512-rgFzspCpwsE+q3OF/xkp0fI2SJ3PfNe9LLMmuSVbAZ4nN66WfBiKqJKo/hLz3ysxiPQZf8h1SMf2ilqPMeWATQ=="],

    "@prisma/debug": ["@prisma/debug@6.18.0", "", {}, "sha512-PMVPMmxPj0ps1VY75DIrT430MoOyQx9hmm174k6cmLZpcI95rAPXOQ+pp8ANQkJtNyLVDxnxVJ0QLbrm/ViBcg=="],

    "@prisma/engines": ["@prisma/engines@6.18.0", "", { "dependencies": { "@prisma/debug": "6.18.0", "@prisma/engines-version": "6.18.0-8.34b5a692b7bd79939a9a2c3ef97d816e749cda2f", "@prisma/fetch-engine": "6.18.0", "@prisma/get-platform": "6.18.0" } }, "sha512-i5RzjGF/ex6AFgqEe2o1IW8iIxJGYVQJVRau13kHPYEL1Ck8Zvwuzamqed/1iIljs5C7L+Opiz5TzSsUebkriA=="],

    "@prisma/engines-version": ["@prisma/engines-version@6.18.0-8.34b5a692b7bd79939a9a2c3ef97d816e749cda2f", "", {}, "sha512-T7Af4QsJQnSgWN1zBbX+Cha5t4qjHRxoeoWpK4JugJzG/ipmmDMY5S+O0N1ET6sCBNVkf6lz+Y+ZNO9+wFU8pQ=="],

    "@prisma/fetch-engine": ["@prisma/fetch-engine@6.18.0", "", { "dependencies": { "@prisma/debug": "6.18.0", "@prisma/engines-version": "6.18.0-8.34b5a692b7bd79939a9a2c3ef97d816e749cda2f", "@prisma/get-platform": "6.18.0" } }, "sha512-TdaBvTtBwP3IoqVYoGIYpD4mWlk0pJpjTJjir/xLeNWlwog7Sl3bD2J0jJ8+5+q/6RBg+acb9drsv5W6lqae7A=="],

    "@prisma/get-platform": ["@prisma/get-platform@6.18.0", "", { "dependencies": { "@prisma/debug": "6.18.0" } }, "sha512-uXNJCJGhxTCXo2B25Ta91Rk1/Nmlqg9p7G9GKh8TPhxvAyXCvMNQoogj4JLEUy+3ku8g59cpyQIKFhqY2xO2bg=="],

    "@protobufjs/aspromise": ["@protobufjs/aspromise@1.1.2", "", {}, "sha512-j+gKExEuLmKwvz3OgROXtrJ2UG2x8Ch2YZUxahh+s1F2HZ+wAceUNLkvy6zKCPVRkU++ZWQrdxsUeQXmcg4uoQ=="],

    "@protobufjs/base64": ["@protobufjs/base64@1.1.2", "", {}, "sha512-AZkcAA5vnN/v4PDqKyMR5lx7hZttPDgClv83E//FMNhR2TMcLUhfRUBHCmSl0oi9zMgDDqRUJkSxO3wm85+XLg=="],

    "@protobufjs/codegen": ["@protobufjs/codegen@2.0.4", "", {}, "sha512-YyFaikqM5sH0ziFZCN3xDC7zeGaB/d0IUb9CATugHWbd1FRFwWwt4ld4OYMPWu5a3Xe01mGAULCdqhMlPl29Jg=="],

    "@protobufjs/eventemitter": ["@protobufjs/eventemitter@1.1.0", "", {}, "sha512-j9ednRT81vYJ9OfVuXG6ERSTdEL1xVsNgqpkxMsbIabzSo3goCjDIveeGv5d03om39ML71RdmrGNjG5SReBP/Q=="],

    "@protobufjs/fetch": ["@protobufjs/fetch@1.1.0", "", { "dependencies": { "@protobufjs/aspromise": "^1.1.1", "@protobufjs/inquire": "^1.1.0" } }, "sha512-lljVXpqXebpsijW71PZaCYeIcE5on1w5DlQy5WH6GLbFryLUrBD4932W/E2BSpfRJWseIL4v/KPgBFxDOIdKpQ=="],

    "@protobufjs/float": ["@protobufjs/float@1.0.2", "", {}, "sha512-Ddb+kVXlXst9d+R9PfTIxh1EdNkgoRe5tOX6t01f1lYWOvJnSPDBlG241QLzcyPdoNTsblLUdujGSE4RzrTZGQ=="],

    "@protobufjs/inquire": ["@protobufjs/inquire@1.1.0", "", {}, "sha512-kdSefcPdruJiFMVSbn801t4vFK7KB/5gd2fYvrxhuJYg8ILrmn9SKSX2tZdV6V+ksulWqS7aXjBcRXl3wHoD9Q=="],

    "@protobufjs/path": ["@protobufjs/path@1.1.2", "", {}, "sha512-6JOcJ5Tm08dOHAbdR3GrvP+yUUfkjG5ePsHYczMFLq3ZmMkAD98cDgcT2iA1lJ9NVwFd4tH/iSSoe44YWkltEA=="],

    "@protobufjs/pool": ["@protobufjs/pool@1.1.0", "", {}, "sha512-0kELaGSIDBKvcgS4zkjz1PeddatrjYcmMWOlAuAPwAeccUrPHdUqo/J6LiymHHEiJT5NrF1UVwxY14f+fy4WQw=="],

    "@protobufjs/utf8": ["@protobufjs/utf8@1.1.0", "", {}, "sha512-Vvn3zZrhQZkkBE8LSuW3em98c0FwgO4nxzv6OdSxPKJIEKY2bGbHn+mhGIPerzI4twdxaP8/0+06HBpwf345Lw=="],

    "@sinclair/typebox": ["@sinclair/typebox@0.34.41", "", {}, "sha512-6gS8pZzSXdyRHTIqoqSVknxolr1kzfy4/CeDnrzsVz8TTIWUbOBr6gnzOmTYJ3eXQNh4IYHIGi5aIL7sOZ2G/g=="],

    "@standard-schema/spec": ["@standard-schema/spec@1.0.0", "", {}, "sha512-m2bOd0f2RT9k8QJx1JN85cZYyH1RqFBdlwtkSlf4tBDYLCiiZnv1fIIwacK6cqwXavOydf0NPToMQgpKq+dVlA=="],

    "@tokenizer/inflate": ["@tokenizer/inflate@0.2.7", "", { "dependencies": { "debug": "^4.4.0", "fflate": "^0.8.2", "token-types": "^6.0.0" } }, "sha512-MADQgmZT1eKjp06jpI2yozxaU9uVs4GzzgSL+uEq7bVcJ9V1ZXQkeGNql1fsSI0gMy1vhvNTNbUqrx+pZfJVmg=="],

    "@tokenizer/token": ["@tokenizer/token@0.3.0", "", {}, "sha512-OvjF+z51L3ov0OyAU0duzsYuvO01PH7x4t6DJx+guahgTnBHkhJdG7soQeTSFLWN3efnHyibZ4Z8l2EuWwJN3A=="],

    "@types/bun": ["@types/bun@1.3.1", "", { "dependencies": { "bun-types": "1.3.1" } }, "sha512-4jNMk2/K9YJtfqwoAa28c8wK+T7nvJFOjxI4h/7sORWcypRNxBpr+TPNaCfVWq70tLCJsqoFwcf0oI0JU/fvMQ=="],

    "@types/long": ["@types/long@4.0.2", "", {}, "sha512-MqTGEo5bj5t157U6fA/BiDynNkn0YknVdh48CMPkTSpFTVmvao5UQmm7uEF6xBEo7qIMAlY/JSleYaE6VOdpaA=="],

    "@types/node": ["@types/node@24.9.2", "", { "dependencies": { "undici-types": "~7.16.0" } }, "sha512-uWN8YqxXxqFMX2RqGOrumsKeti4LlmIMIyV0lgut4jx7KQBcBiW6vkDtIBvHnHIquwNfJhk8v2OtmO8zXWHfPA=="],

    "@types/react": ["@types/react@19.2.2", "", { "dependencies": { "csstype": "^3.0.2" } }, "sha512-6mDvHUFSjyT2B2yeNx2nUgMxh9LtOWvkhIU3uePn2I2oyNymUAX1NIsdgviM4CH+JSrp2D2hsMvJOkxY+0wNRA=="],

    "adm-zip": ["adm-zip@0.5.16", "", {}, "sha512-TGw5yVi4saajsSEgz25grObGHEUaDrniwvA2qwSC060KfqGPdglhvPMA2lPIoxs3PQIItj2iag35fONcQqgUaQ=="],

    "agent-base": ["agent-base@6.0.2", "", { "dependencies": { "debug": "4" } }, "sha512-RZNwNclF7+MS/8bDg70amg32dyeZGZxiDuQmZxKLAlQjr3jGyLx+4Kkk58UO7D2QdgFIQCovuSuZESne6RG6XQ=="],

    "ajv": ["ajv@6.12.6", "", { "dependencies": { "fast-deep-equal": "^3.1.1", "fast-json-stable-stringify": "^2.0.0", "json-schema-traverse": "^0.4.1", "uri-js": "^4.2.2" } }, "sha512-j3fVLgvTo527anyYyJOGTYJbG+vnnQYvE0m5mmkc1TK+nxAppkCLMIL0aZ4dblVCNoGShhm+kzE4ZUykBoMg4g=="],

    "asn1": ["asn1@0.2.6", "", { "dependencies": { "safer-buffer": "~2.1.0" } }, "sha512-ix/FxPn0MDjeyJ7i/yoHGFt/EX6LyNbxSEhPPXODPL+KB0VPk86UYfL0lMdy+KCnv+fmvIzySwaK5COwqVbWTQ=="],

    "assert-plus": ["assert-plus@1.0.0", "", {}, "sha512-NfJ4UzBCcQGLDlQq7nHxH+tv3kyZ0hHQqF5BO6J7tNJeP5do1llPr8dZ8zHonfhAu0PHAdMkSo+8o0wxg9lZWw=="],

    "async": ["async@2.6.4", "", { "dependencies": { "lodash": "^4.17.14" } }, "sha512-mzo5dfJYwAn29PeiJ0zvwTo04zj8HDJj0Mn8TD7sno7q12prdbnasKJHhkm2c1LgrhlJ0teaea8860oxi51mGA=="],

    "asynckit": ["asynckit@0.4.0", "", {}, "sha512-Oei9OH4tRh0YqU3GxhX79dM/mwVgvbZJaSNaRk+bshkj0S5cfHcgYakreBjrHwatXKbz+IoIdYLxrKim2MjW0Q=="],

    "aws-sign2": ["aws-sign2@0.7.0", "", {}, "sha512-08kcGqnYf/YmjoRhfxyu+CLxBjUtHLXLXX/vUfx9l2LYzG3c1m61nrpyFUZI6zeS+Li/wWMMidD9KgrqtGq3mA=="],

    "aws4": ["aws4@1.13.2", "", {}, "sha512-lHe62zvbTB5eEABUVi/AwVh0ZKY9rMMDhmm+eeyuuUQbQ3+J+fONVQOZyj+DdrvD4BY33uYniyRJ4UJIaSKAfw=="],

    "bcrypt-pbkdf": ["bcrypt-pbkdf@1.0.2", "", { "dependencies": { "tweetnacl": "^0.14.3" } }, "sha512-qeFIXtP4MSoi6NLqO12WfqARWWuCKi2Rn/9hJLEmtB5yTNr9DqFWkJRCf2qShWzPeAMRnOgCrq0sg/KLv5ES9w=="],

    "binarykvparser": ["binarykvparser@2.3.0", "", { "dependencies": { "long": "^3.2.0" } }, "sha512-B1N5ZxC8I9oSLis7Rg36DxsZJoIikUGU2XwpI0FKFCaPIJIEYi0B9UeIk3QU006axzq0TI9KC3iXelfGGgnWew=="],

    "boolbase": ["boolbase@1.0.0", "", {}, "sha512-JZOSA7Mo9sNGB8+UjSgzdLtokWAky1zbztM3WRLCbZ70/3cTANmQmOdR7y2g+J0e2WXywy1yS468tY+IruqEww=="],

    "bun-types": ["bun-types@1.3.1", "", { "dependencies": { "@types/node": "*" }, "peerDependencies": { "@types/react": "^19" } }, "sha512-NMrcy7smratanWJ2mMXdpatalovtxVggkj11bScuWuiOoXTiKIu2eVS1/7qbyI/4yHedtsn175n4Sm4JcdHLXw=="],

    "bytebuffer": ["bytebuffer@5.0.1", "", { "dependencies": { "long": "~3" } }, "sha512-IuzSdmADppkZ6DlpycMkm8l9zeEq16fWtLvunEwFiYciR/BHo4E8/xs5piFquG+Za8OWmMqHF8zuRviz2LHvRQ=="],

    "c12": ["c12@3.1.0", "", { "dependencies": { "chokidar": "^4.0.3", "confbox": "^0.2.2", "defu": "^6.1.4", "dotenv": "^16.6.1", "exsolve": "^1.0.7", "giget": "^2.0.0", "jiti": "^2.4.2", "ohash": "^2.0.11", "pathe": "^2.0.3", "perfect-debounce": "^1.0.0", "pkg-types": "^2.2.0", "rc9": "^2.1.2" }, "peerDependencies": { "magicast": "^0.3.5" }, "optionalPeers": ["magicast"] }, "sha512-uWoS8OU1MEIsOv8p/5a82c3H31LsWVR5qiyXVfBNOzfffjUWtPnhAb4BYI2uG2HfGmZmFjCtui5XNWaps+iFuw=="],

    "caseless": ["caseless@0.12.0", "", {}, "sha512-4tYFyifaFfGacoiObjJegolkwSU4xQNGbVgUiNYVUxbQ2x2lUsFvY4hVgVzGiIe6WLOPqycWXA40l+PWsxthUw=="],

    "cheerio": ["cheerio@0.22.0", "", { "dependencies": { "css-select": "~1.2.0", "dom-serializer": "~0.1.0", "entities": "~1.1.1", "htmlparser2": "^3.9.1", "lodash.assignin": "^4.0.9", "lodash.bind": "^4.1.4", "lodash.defaults": "^4.0.1", "lodash.filter": "^4.4.0", "lodash.flatten": "^4.2.0", "lodash.foreach": "^4.3.0", "lodash.map": "^4.4.0", "lodash.merge": "^4.4.0", "lodash.pick": "^4.2.1", "lodash.reduce": "^4.4.0", "lodash.reject": "^4.4.0", "lodash.some": "^4.4.0" } }, "sha512-8/MzidM6G/TgRelkzDG13y3Y9LxBjCb+8yOEZ9+wwq5gVF2w2pV0wmHvjfT0RvuxGyR7UEuK36r+yYMbT4uKgA=="],

    "chokidar": ["chokidar@4.0.3", "", { "dependencies": { "readdirp": "^4.0.1" } }, "sha512-Qgzu8kfBvo+cA4962jnP1KkS6Dop5NS6g7R5LFYJr4b8Ub94PPQXUksCw9PvXoeXPRRddRNC5C1JQUR2SMGtnA=="],

    "citty": ["citty@0.1.6", "", { "dependencies": { "consola": "^3.2.3" } }, "sha512-tskPPKEs8D2KPafUypv2gxwJP8h/OaJmC82QQGGDQcHvXX43xF2VDACcJVmZ0EuSxkpO9Kc4MlrA3q0+FG58AQ=="],

    "combined-stream": ["combined-stream@1.0.8", "", { "dependencies": { "delayed-stream": "~1.0.0" } }, "sha512-FQN4MRfuJeHf7cBbBMJFXhKSDq+2kAArBlmRBvcvFE5BB1HZKXtSFASDhdlz9zOYwxh8lDdnvmMOe/+5cdoEdg=="],

    "confbox": ["confbox@0.2.2", "", {}, "sha512-1NB+BKqhtNipMsov4xI/NnhCKp9XG9NamYp5PVm9klAT0fsrNPjaFICsCFhNhwZJKNh7zB/3q8qXz0E9oaMNtQ=="],

    "consola": ["consola@3.4.2", "", {}, "sha512-5IKcdX0nnYavi6G7TtOhwkYzyjfJlatbjMjuLSfE2kYT5pMDOilZ4OvMhi637CcDICTmz3wARPoyhqyX1Y+XvA=="],

    "cookie": ["cookie@1.0.2", "", {}, "sha512-9Kr/j4O16ISv8zBBhJoi4bXOYNTkFLOqSL3UDB0njXxCXNezjeyVrJyGOWtgfs/q2km1gwBcfH8q1yEGoMYunA=="],

    "core-util-is": ["core-util-is@1.0.2", "", {}, "sha512-3lqz5YjWTYnW6dlDa5TLaTCcShfar1e40rmcJVwCBJC6mWlFuj0eCHIElmG1g5kyuJ/GD+8Wn4FFCcz4gJPfaQ=="],

    "css-select": ["css-select@1.2.0", "", { "dependencies": { "boolbase": "~1.0.0", "css-what": "2.1", "domutils": "1.5.1", "nth-check": "~1.0.1" } }, "sha512-dUQOBoqdR7QwV90WysXPLXG5LO7nhYBgiWVfxF80DKPF8zx1t/pUd2FYy73emg3zrjtM6dzmYgbHKfV2rxiHQA=="],

    "css-what": ["css-what@2.1.3", "", {}, "sha512-a+EPoD+uZiNfh+5fxw2nO9QwFa6nJe2Or35fGY6Ipw1R3R4AGz1d1TEZrCegvw2YTmZ0jXirGYlzxxpYSHwpEg=="],

    "csstype": ["csstype@3.1.3", "", {}, "sha512-M1uQkMl8rQK/szD0LNhtqxIPLpimGm8sOBwU7lLnCpSbTyY3yeU1Vc7l4KT5zT4s/yOxHH5O7tIuuLOCnLADRw=="],

    "cuint": ["cuint@0.2.2", "", {}, "sha512-d4ZVpCW31eWwCMe1YT3ur7mUDnTXbgwyzaL320DrcRT45rfjYxkt5QWLrmOJ+/UEAI2+fQgKe/fCjR8l4TpRgw=="],

    "dashdash": ["dashdash@1.14.1", "", { "dependencies": { "assert-plus": "^1.0.0" } }, "sha512-jRFi8UDGo6j+odZiEpjazZaWqEal3w/basFjQHQEwVtZJGDpxbH1MeYluwCS8Xq5wmLJooDlMgvVarmWfGM44g=="],

    "debug": ["debug@4.4.3", "", { "dependencies": { "ms": "^2.1.3" } }, "sha512-RGwwWnwQvkVfavKVt22FGLw+xYSdzARwm0ru6DhTVA3umU5hZc28V3kO4stgYryrTlLpuvgI9GiijltAjNbcqA=="],

    "deepmerge-ts": ["deepmerge-ts@7.1.5", "", {}, "sha512-HOJkrhaYsweh+W+e74Yn7YStZOilkoPb6fycpwNLKzSPtruFs48nYis0zy5yJz1+ktUhHxoRDJ27RQAWLIJVJw=="],

    "defu": ["defu@6.1.4", "", {}, "sha512-mEQCMmwJu317oSz8CwdIOdwf3xMif1ttiM8LTufzc3g6kR+9Pe236twL8j3IYT1F7GfRgGcW6MWxzZjLIkuHIg=="],

    "delayed-stream": ["delayed-stream@1.0.0", "", {}, "sha512-ZySD7Nf91aLB0RxL4KGrKHBXl7Eds1DAmEdcoVawXnLD7SDhpNgtuII2aAkg7a7QS41jxPSZ17p4VdGnMHk3MQ=="],

    "destr": ["destr@2.0.5", "", {}, "sha512-ugFTXCtDZunbzasqBxrK93Ik/DRYsO6S/fedkWEMKqt04xZ4csmnmwGDBAb07QWNaGMAmnTIemsYZCksjATwsA=="],

    "dom-serializer": ["dom-serializer@0.1.1", "", { "dependencies": { "domelementtype": "^1.3.0", "entities": "^1.1.1" } }, "sha512-l0IU0pPzLWSHBcieZbpOKgkIn3ts3vAh7ZuFyXNwJxJXk/c4Gwj9xaTJwIDVQCXawWD0qb3IzMGH5rglQaO0XA=="],

    "domelementtype": ["domelementtype@1.3.1", "", {}, "sha512-BSKB+TSpMpFI/HOxCNr1O8aMOTZ8hT3pM3GQ0w/mWRmkhEDSFJkkyzz4XQsBV44BChwGkrDfMyjVD0eA2aFV3w=="],

    "domhandler": ["domhandler@2.4.2", "", { "dependencies": { "domelementtype": "1" } }, "sha512-JiK04h0Ht5u/80fdLMCEmV4zkNh2BcoMFBmZ/91WtYZ8qVXSKjiw7fXMgFPnHcSZgOo3XdinHvmnDUeMf5R4wA=="],

    "domutils": ["domutils@1.5.1", "", { "dependencies": { "dom-serializer": "0", "domelementtype": "1" } }, "sha512-gSu5Oi/I+3wDENBsOWBiRK1eoGxcywYSqg3rR960/+EfY0CF4EX1VPkgHOZ3WiS/Jg2DtliF6BhWcHlfpYUcGw=="],

    "dotenv": ["dotenv@16.6.1", "", {}, "sha512-uBq4egWHTcTt33a72vpSG0z3HnPuIl6NqYcTrKEg2azoEyl2hpW0zqlxysq2pK9HlDIHyHyakeYaYnSAwd8bow=="],

    "ecc-jsbn": ["ecc-jsbn@0.1.2", "", { "dependencies": { "jsbn": "~0.1.0", "safer-buffer": "^2.1.0" } }, "sha512-eh9O+hwRHNbG4BLTjEl3nw044CkGm5X6LoaCf7LPp7UU8Qrt47JYNi6nPX8xjW97TKGKm1ouctg0QSpZe9qrnw=="],

    "effect": ["effect@3.18.4", "", { "dependencies": { "@standard-schema/spec": "^1.0.0", "fast-check": "^3.23.1" } }, "sha512-b1LXQJLe9D11wfnOKAk3PKxuqYshQ0Heez+y5pnkd3jLj1yx9QhM72zZ9uUrOQyNvrs2GZZd/3maL0ZV18YuDA=="],

    "elysia": ["elysia@1.4.13", "", { "dependencies": { "cookie": "^1.0.2", "exact-mirror": "0.2.2", "fast-decode-uri-component": "^1.0.1", "memoirist": "^0.4.0" }, "peerDependencies": { "@sinclair/typebox": ">= 0.34.0 < 1", "@types/bun": ">= 1.2.0", "file-type": ">= 20.0.0", "openapi-types": ">= 12.0.0", "typescript": ">= 5.0.0" }, "optionalPeers": ["@types/bun", "typescript"] }, "sha512-6QaWQEm7QN1UCo1TPpEjaRJPHUmnM7R29y6LY224frDGk5PrpAnWmdHkoZxkcv+JRWp1j2ROr2IHbxHbG/jRjw=="],

    "empathic": ["empathic@2.0.0", "", {}, "sha512-i6UzDscO/XfAcNYD75CfICkmfLedpyPDdozrLMmQc5ORaQcdMoc21OnlEylMIqI7U8eniKrPMxxtj8k0vhmJhA=="],

    "entities": ["entities@1.1.2", "", {}, "sha512-f2LZMYl1Fzu7YSBKg+RoROelpOaNrcGmE9AZubeDfrCEia483oW4MI4VyFd5VNHIgQ/7qm1I0wUHK1eJnn2y2w=="],

    "exact-mirror": ["exact-mirror@0.2.2", "", { "peerDependencies": { "@sinclair/typebox": "^0.34.15" }, "optionalPeers": ["@sinclair/typebox"] }, "sha512-CrGe+4QzHZlnrXZVlo/WbUZ4qQZq8C0uATQVGVgXIrNXgHDBBNFD1VRfssRA2C9t3RYvh3MadZSdg2Wy7HBoQA=="],

    "exsolve": ["exsolve@1.0.7", "", {}, "sha512-VO5fQUzZtI6C+vx4w/4BWJpg3s/5l+6pRQEHzFRM8WFi4XffSP1Z+4qi7GbjWbvRQEbdIco5mIMq+zX4rPuLrw=="],

    "extend": ["extend@3.0.2", "", {}, "sha512-fjquC59cD7CyW6urNXK0FBufkZcoiGG80wTuPujX590cB5Ttln20E2UB4S/WARVqhXffZl2LNgS+gQdPIIim/g=="],

    "extsprintf": ["extsprintf@1.3.0", "", {}, "sha512-11Ndz7Nv+mvAC1j0ktTa7fAb0vLyGGX+rMHNBYQviQDGU0Hw7lhctJANqbPhu9nV9/izT/IntTgZ7Im/9LJs9g=="],

    "fast-check": ["fast-check@3.23.2", "", { "dependencies": { "pure-rand": "^6.1.0" } }, "sha512-h5+1OzzfCC3Ef7VbtKdcv7zsstUQwUDlYpUTvjeUsJAssPgLn7QzbboPtL5ro04Mq0rPOsMzl7q5hIbRs2wD1A=="],

    "fast-decode-uri-component": ["fast-decode-uri-component@1.0.1", "", {}, "sha512-WKgKWg5eUxvRZGwW8FvfbaH7AXSh2cL+3j5fMGzUMCxWBJ3dV3a7Wz8y2f/uQ0e3B6WmodD3oS54jTQ9HVTIIg=="],

    "fast-deep-equal": ["fast-deep-equal@2.0.1", "", {}, "sha512-bCK/2Z4zLidyB4ReuIsvALH6w31YfAQDmXMqMx6FyfHqvBxtjC0eRumeSu4Bs3XtXwpyIywtSTrVT99BxY1f9w=="],

    "fast-json-stable-stringify": ["fast-json-stable-stringify@2.1.0", "", {}, "sha512-lhd/wF+Lk98HZoTCtlVraHtfh5XYijIjalXck7saUtuanSDyLMxnHhSXEDJqHxD7msR8D0uCmqlkwjCV8xvwHw=="],

    "fflate": ["fflate@0.8.2", "", {}, "sha512-cPJU47OaAoCbg0pBvzsgpTPhmhqI5eJjh/JIu8tPj5q+T7iLvW/JAYUqmE7KOB4R1ZyEhzBaIQpQpardBF5z8A=="],

    "file-manager": ["file-manager@1.0.1", "", { "dependencies": { "async": "^1.4.2" } }, "sha512-43hWlFJOQbbCzWObVU5dTS+O5eRKfB6A9tXz5FrWu87ZdsCawLW2w78grPcjNpuM0ZfJupaw8cKcLVl2fkjhow=="],

    "file-type": ["file-type@21.0.0", "", { "dependencies": { "@tokenizer/inflate": "^0.2.7", "strtok3": "^10.2.2", "token-types": "^6.0.0", "uint8array-extras": "^1.4.0" } }, "sha512-ek5xNX2YBYlXhiUXui3D/BXa3LdqPmoLJ7rqEx2bKJ7EAUEfmXgW0Das7Dc6Nr9MvqaOnIqiPV0mZk/r/UpNAg=="],

    "forever-agent": ["forever-agent@0.6.1", "", {}, "sha512-j0KLYPhm6zeac4lz3oJ3o65qvgQCcPubiyotZrXqEaG4hNagNYO8qdlUrX5vwqv9ohqeT/Z3j6+yW067yWWdUw=="],

    "form-data": ["form-data@2.3.3", "", { "dependencies": { "asynckit": "^0.4.0", "combined-stream": "^1.0.6", "mime-types": "^2.1.12" } }, "sha512-1lLKB2Mu3aGP1Q/2eCOx0fNbRMe7XdwktwOruhfqqd0rIJWwN4Dh+E3hrPSlDCXnSR7UtZ1N38rVXm+6+MEhJQ=="],

    "getpass": ["getpass@0.1.7", "", { "dependencies": { "assert-plus": "^1.0.0" } }, "sha512-0fzj9JxOLfJ+XGLhR8ze3unN0KZCgZwiSSDz168VERjK8Wl8kVSdcu2kspd4s4wtAa1y/qrVRiAA0WclVsu0ng=="],

    "giget": ["giget@2.0.0", "", { "dependencies": { "citty": "^0.1.6", "consola": "^3.4.0", "defu": "^6.1.4", "node-fetch-native": "^1.6.6", "nypm": "^0.6.0", "pathe": "^2.0.3" }, "bin": { "giget": "dist/cli.mjs" } }, "sha512-L5bGsVkxJbJgdnwyuheIunkGatUF/zssUoxxjACCseZYAVbaqdh9Tsmmlkl8vYan09H7sbvKt4pS8GqKLBrEzA=="],

    "har-schema": ["har-schema@2.0.0", "", {}, "sha512-Oqluz6zhGX8cyRaTQlFMPw80bSJVG2x/cFb8ZPhUILGgHka9SsokCCOQgpveePerqidZOrT14ipqfJb7ILcW5Q=="],

    "har-validator": ["har-validator@5.1.5", "", { "dependencies": { "ajv": "^6.12.3", "har-schema": "^2.0.0" } }, "sha512-nmT2T0lljbxdQZfspsno9hgrG3Uir6Ks5afism62poxqBM6sDnMEuPmzTq8XN0OEwqKLLdh1jQI3qyE66Nzb3w=="],

    "htmlparser2": ["htmlparser2@3.10.1", "", { "dependencies": { "domelementtype": "^1.3.1", "domhandler": "^2.3.0", "domutils": "^1.5.1", "entities": "^1.1.1", "inherits": "^2.0.1", "readable-stream": "^3.1.1" } }, "sha512-IgieNijUMbkDovyoKObU1DUhm1iwNYE/fuifEoEHfd1oZKZDaONBSkal7Y01shxsM49R4XaMdGez3WnF9UfiCQ=="],

    "http-signature": ["http-signature@1.2.0", "", { "dependencies": { "assert-plus": "^1.0.0", "jsprim": "^1.2.2", "sshpk": "^1.7.0" } }, "sha512-CAbnr6Rz4CYQkLYUtSNXxQPUH2gK8f3iWexVlsnMeD+GjlsQ0Xsy1cOX+mN3dtxYomRy21CiOzU8Uhw6OwncEQ=="],

    "ieee754": ["ieee754@1.2.1", "", {}, "sha512-dcyqhDvX1C46lXZcVqCpK+FtMRQVdIMN6/Df5js2zouUsqG7I6sFxitIC+7KYK29KdXOLHdu9zL4sFnoVQnqaA=="],

    "image-size": ["image-size@0.8.3", "", { "dependencies": { "queue": "6.0.1" }, "bin": { "image-size": "bin/image-size.js" } }, "sha512-SMtq1AJ+aqHB45c3FsB4ERK0UCiA2d3H1uq8s+8T0Pf8A3W4teyBQyaFaktH6xvZqh+npwlKU7i4fJo0r7TYTg=="],

    "inherits": ["inherits@2.0.4", "", {}, "sha512-k/vGaX4/Yla3WzyMCvTQOXYeIHvqOKtnqBduzTHpzpQZzAskKMhZ2K+EnBiSM9zGSoIFeMpXKxa4dYeZIQqewQ=="],

    "ip-address": ["ip-address@10.0.1", "", {}, "sha512-NWv9YLW4PoW2B7xtzaS3NCot75m6nK7Icdv0o3lfMceJVRfSoQwqD4wEH5rLwoKJwUiZ/rfpiVBhnaF0FK4HoA=="],

    "is-typedarray": ["is-typedarray@1.0.0", "", {}, "sha512-cyA56iCMHAh5CdzjJIa4aohJyeO1YbwLi3Jc35MmRU6poroFjIGZzUzupGiRPOjgHg9TLu43xbpwXk523fMxKA=="],

    "isstream": ["isstream@0.1.2", "", {}, "sha512-Yljz7ffyPbrLpLngrMtZ7NduUgVvi6wG9RJ9IUcyCd59YQ911PBJphODUcbOVbqYfxe1wuYf/LJ8PauMRwsM/g=="],

    "jiti": ["jiti@2.6.1", "", { "bin": { "jiti": "lib/jiti-cli.mjs" } }, "sha512-ekilCSN1jwRvIbgeg/57YFh8qQDNbwDb9xT/qu2DAHbFFZUicIl4ygVaAvzveMhMVr3LnpSKTNnwt8PoOfmKhQ=="],

    "jsbn": ["jsbn@0.1.1", "", {}, "sha512-UVU9dibq2JcFWxQPA6KCqj5O42VOmAY3zQUfEKxU0KpTGXwNoCjkX1e13eHNvw/xPynt6pU0rZ1htjWTNTSXsg=="],

    "json-schema": ["json-schema@0.4.0", "", {}, "sha512-es94M3nTIfsEPisRafak+HDLfHXnKBhV3vU5eqPcS3flIWqcxJWgXHXiey3YrpaNsanY5ei1VoYEbOzijuq9BA=="],

    "json-schema-traverse": ["json-schema-traverse@0.4.1", "", {}, "sha512-xbbCH5dCYU5T8LcEhhuh7HJ88HXuW3qsI3Y0zOZFKfZEHcpWiHU/Jxzk629Brsab/mMiHQti9wMP+845RPe3Vg=="],

    "json-stringify-safe": ["json-stringify-safe@5.0.1", "", {}, "sha512-ZClg6AaYvamvYEE82d3Iyd3vSSIjQ+odgjaTzRuO3s7toCdFKczob2i0zCh7JE8kWn17yvAWhUVxvqGwUalsRA=="],

    "jsprim": ["jsprim@1.4.2", "", { "dependencies": { "assert-plus": "1.0.0", "extsprintf": "1.3.0", "json-schema": "0.4.0", "verror": "1.10.0" } }, "sha512-P2bSOMAc/ciLz6DzgjVlGJP9+BrJWu5UDGK70C2iweC5QBIeFf0ZXRvGjEj2uYgrY2MkAAhsSWHDWlFtEroZWw=="],

    "kvparser": ["kvparser@1.0.2", "", {}, "sha512-5P/5qpTAHjVYWqcI55B3yQwSY2FUrYYrJj5i65V1Wmg7/4W4OnBcaodaEvLyVuugeOnS+BAaKm9LbPazGJcRyA=="],

    "languages": ["languages@0.1.3", "", {}, "sha512-E+u0KJ9LmqUx/O1y+5ALmjjBXy448JeXyWaYFOPj269EHnHoQYjYdLhejt1oe/2dUb8L98tJDCnmRRoJFr1mNw=="],

    "lodash": ["lodash@4.17.21", "", {}, "sha512-v2kDEe57lecTulaDIuNTPy3Ry4gLGJ6Z1O3vE1krgXZNrsQ+LFTGHVxVjcXPs17LhbZVGedAJv8XZ1tvj5FvSg=="],

    "lodash.assignin": ["lodash.assignin@4.2.0", "", {}, "sha512-yX/rx6d/UTVh7sSVWVSIMjfnz95evAgDFdb1ZozC35I9mSFCkmzptOzevxjgbQUsc78NR44LVHWjsoMQXy9FDg=="],

    "lodash.bind": ["lodash.bind@4.2.1", "", {}, "sha512-lxdsn7xxlCymgLYo1gGvVrfHmkjDiyqVv62FAeF2i5ta72BipE1SLxw8hPEPLhD4/247Ijw07UQH7Hq/chT5LA=="],

    "lodash.defaults": ["lodash.defaults@4.2.0", "", {}, "sha512-qjxPLHd3r5DnsdGacqOMU6pb/avJzdh9tFX2ymgoZE27BmjXrNy/y4LoaiTeAb+O3gL8AfpJGtqfX/ae2leYYQ=="],

    "lodash.filter": ["lodash.filter@4.6.0", "", {}, "sha512-pXYUy7PR8BCLwX5mgJ/aNtyOvuJTdZAo9EQFUvMIYugqmJxnrYaANvTbgndOzHSCSR0wnlBBfRXJL5SbWxo3FQ=="],

    "lodash.flatten": ["lodash.flatten@4.4.0", "", {}, "sha512-C5N2Z3DgnnKr0LOpv/hKCgKdb7ZZwafIrsesve6lmzvZIRZRGaZ/l6Q8+2W7NaT+ZwO3fFlSCzCzrDCFdJfZ4g=="],

    "lodash.foreach": ["lodash.foreach@4.5.0", "", {}, "sha512-aEXTF4d+m05rVOAUG3z4vZZ4xVexLKZGF0lIxuHZ1Hplpk/3B6Z1+/ICICYRLm7c41Z2xiejbkCkJoTlypoXhQ=="],

    "lodash.map": ["lodash.map@4.6.0", "", {}, "sha512-worNHGKLDetmcEYDvh2stPCrrQRkP20E4l0iIS7F8EvzMqBBi7ltvFN5m1HvTf1P7Jk1txKhvFcmYsCr8O2F1Q=="],

    "lodash.merge": ["lodash.merge@4.6.2", "", {}, "sha512-0KpjqXRVvrYyCsX1swR/XTK0va6VQkQM6MNo7PqW77ByjAhoARA8EfrP1N4+KlKj8YS0ZUCtRT/YUuhyYDujIQ=="],

    "lodash.pick": ["lodash.pick@4.4.0", "", {}, "sha512-hXt6Ul/5yWjfklSGvLQl8vM//l3FtyHZeuelpzK6mm99pNvN9yTDruNZPEJZD1oWrqo+izBmB7oUfWgcCX7s4Q=="],

    "lodash.reduce": ["lodash.reduce@4.6.0", "", {}, "sha512-6raRe2vxCYBhpBu+B+TtNGUzah+hQjVdu3E17wfusjyrXBka2nBS8OH/gjVZ5PvHOhWmIZTYri09Z6n/QfnNMw=="],

    "lodash.reject": ["lodash.reject@4.6.0", "", {}, "sha512-qkTuvgEzYdyhiJBx42YPzPo71R1aEr0z79kAv7Ixg8wPFEjgRgJdUsGMG3Hf3OYSF/kHI79XhNlt+5Ar6OzwxQ=="],

    "lodash.some": ["lodash.some@4.6.0", "", {}, "sha512-j7MJE+TuT51q9ggt4fSgVqro163BEFjAt3u97IqU+JA2DkWl80nFTrowzLpZ/BnpN7rrl0JA/593NAdd8p/scQ=="],

    "long": ["long@3.2.0", "", {}, "sha512-ZYvPPOMqUwPoDsbJaR10iQJYnMuZhRTvHYl62ErLIEX7RgFlziSBUUvrt3OVfc47QlHHpzPZYP17g3Fv7oeJkg=="],

    "lzma": ["lzma@2.3.2", "", { "bin": { "lzma.js": "bin/lzma.js" } }, "sha512-DcfiawQ1avYbW+hsILhF38IKAlnguc/fjHrychs9hdxe4qLykvhT5VTGNs5YRWgaNePh7NTxGD4uv4gKsRomCQ=="],

    "memoirist": ["memoirist@0.4.0", "", {}, "sha512-zxTgA0mSYELa66DimuNQDvyLq36AwDlTuVRbnQtB+VuTcKWm5Qc4z3WkSpgsFWHNhexqkIooqpv4hdcqrX5Nmg=="],

    "mime-db": ["mime-db@1.52.0", "", {}, "sha512-sPU4uV7dYlvtWJxwwxHD0PuihVNiE7TyAbQ5SWxDCB9mUYvOgroQOwYQQOKPJ8CIbE+1ETVlOoK1UC2nU3gYvg=="],

    "mime-types": ["mime-types@2.1.35", "", { "dependencies": { "mime-db": "1.52.0" } }, "sha512-ZDY+bPm5zTTF+YpCrAU9nK0UgICYPT0QtT1NZWFv4s++TNkcgVaT0g6+4R2uI4MjQjzysHB1zxuWL50hzaeXiw=="],

    "ms": ["ms@2.1.3", "", {}, "sha512-6FlzubTLZG3J2a/NVCAleEhjzq5oxgHyaCU9yYXvcLsvoVaHJq/s5xXI6/XXP6tz7R9xAOtHnSO/tXtF3WRTlA=="],

    "node-bignumber": ["node-bignumber@1.2.2", "", {}, "sha512-VoTZHmdFQpZH1+q1dz2qcHNCwTWsJg2T3PYwlAyDNFOfVhSYUKQBLFcCpCud+wJBGgCttGavZILaIggDIKqEQQ=="],

    "node-fetch-native": ["node-fetch-native@1.6.7", "", {}, "sha512-g9yhqoedzIUm0nTnTqAQvueMPVOuIY16bqgAJJC8XOOubYFNwz6IER9qs0Gq2Xd0+CecCKFjtdDTMA4u4xG06Q=="],

    "nth-check": ["nth-check@1.0.2", "", { "dependencies": { "boolbase": "~1.0.0" } }, "sha512-WeBOdju8SnzPN5vTUJYxYUxLeXpCaVP5i5e0LF8fg7WORF2Wd7wFX/pk0tYZk7s8T+J7VLy0Da6J1+wCT0AtHg=="],

    "nypm": ["nypm@0.6.2", "", { "dependencies": { "citty": "^0.1.6", "consola": "^3.4.2", "pathe": "^2.0.3", "pkg-types": "^2.3.0", "tinyexec": "^1.0.1" }, "bin": { "nypm": "dist/cli.mjs" } }, "sha512-7eM+hpOtrKrBDCh7Ypu2lJ9Z7PNZBdi/8AT3AX8xoCj43BBVHD0hPSTEvMtkMpfs8FCqBGhxB+uToIQimA111g=="],

    "oauth-sign": ["oauth-sign@0.9.0", "", {}, "sha512-fexhUFFPTGV8ybAtSIGbV6gOkSv8UtRbDBnAyLQw4QPKkgNlsH2ByPGtMUqdWkos6YCRmAqViwgZrJc/mRDzZQ=="],

    "ohash": ["ohash@2.0.11", "", {}, "sha512-RdR9FQrFwNBNXAr4GixM8YaRZRJ5PUWbKYbE5eOsrwAjJW0q2REGcf79oYPsLyskQCZG1PLN+S/K1V00joZAoQ=="],

    "openapi-types": ["openapi-types@12.1.3", "", {}, "sha512-N4YtSYJqghVu4iek2ZUvcN/0aqH1kRDuNqzcycDxhOUpg7GdvLa2F3DgS6yBNhInhv2r/6I0Flkn7CqL8+nIcw=="],

    "pathe": ["pathe@2.0.3", "", {}, "sha512-WUjGcAqP1gQacoQe+OBJsFA7Ld4DyXuUIjZ5cc75cLHvJ7dtNsTugphxIADwspS+AraAUePCKrSVtPLFj/F88w=="],

    "perfect-debounce": ["perfect-debounce@1.0.0", "", {}, "sha512-xCy9V055GLEqoFaHoC1SoLIaLmWctgCUaBaWxDZ7/Zx4CTyX7cJQLJOok/orfjZAh9kEYpjJa4d0KcJmCbctZA=="],

    "performance-now": ["performance-now@2.1.0", "", {}, "sha512-7EAHlyLHI56VEIdK57uwHdHKIaAGbnXPiw0yWbarQZOKaKpvUIgW0jWRVLiatnM+XXlSwsanIBH/hzGMJulMow=="],

    "permessage-deflate": ["permessage-deflate@0.1.7", "", { "dependencies": { "safe-buffer": "*" } }, "sha512-EUNi/RIsyJ1P1u9QHFwMOUWMYetqlE22ZgGbad7YP856WF4BFF0B7DuNy6vEGsgNNud6c/SkdWzkne71hH8MjA=="],

    "pkg-types": ["pkg-types@2.3.0", "", { "dependencies": { "confbox": "^0.2.2", "exsolve": "^1.0.7", "pathe": "^2.0.3" } }, "sha512-SIqCzDRg0s9npO5XQ3tNZioRY1uK06lA41ynBC1YmFTmnY6FjUjVt6s4LoADmwoig1qqD0oK8h1p/8mlMx8Oig=="],

    "prisma": ["prisma@6.18.0", "", { "dependencies": { "@prisma/config": "6.18.0", "@prisma/engines": "6.18.0" }, "peerDependencies": { "typescript": ">=5.1.0" }, "optionalPeers": ["typescript"], "bin": { "prisma": "build/index.js" } }, "sha512-bXWy3vTk8mnRmT+SLyZBQoC2vtV9Z8u7OHvEu+aULYxwiop/CPiFZ+F56KsNRNf35jw+8wcu8pmLsjxpBxAO9g=="],

    "protobufjs": ["protobufjs@7.5.4", "", { "dependencies": { "@protobufjs/aspromise": "^1.1.2", "@protobufjs/base64": "^1.1.2", "@protobufjs/codegen": "^2.0.4", "@protobufjs/eventemitter": "^1.1.0", "@protobufjs/fetch": "^1.1.0", "@protobufjs/float": "^1.0.2", "@protobufjs/inquire": "^1.1.0", "@protobufjs/path": "^1.1.2", "@protobufjs/pool": "^1.1.0", "@protobufjs/utf8": "^1.1.0", "@types/node": ">=13.7.0", "long": "^5.0.0" } }, "sha512-CvexbZtbov6jW2eXAvLukXjXUW1TzFaivC46BpWc/3BpcCysb5Vffu+B3XHMm8lVEuy2Mm4XGex8hBSg1yapPg=="],

    "psl": ["psl@1.15.0", "", { "dependencies": { "punycode": "^2.3.1" } }, "sha512-JZd3gMVBAVQkSs6HdNZo9Sdo0LNcQeMNP3CozBJb3JYC/QUYZTnKxP+f8oWRX4rHP5EurWxqAHTSwUCjlNKa1w=="],

    "punycode": ["punycode@2.3.1", "", {}, "sha512-vYt7UD1U9Wg6138shLtLOvdAu+8DsC/ilFtEVHcH+wydcSpNE20AfSOduf6MkRFahL5FY7X1oU7nKVZFtfq8Fg=="],

    "pure-rand": ["pure-rand@6.1.0", "", {}, "sha512-bVWawvoZoBYpp6yIoQtQXHZjmz35RSVHnUOTefl8Vcjr8snTPY1wnpSPMWekcFwbxI6gtmT7rSYPFvz71ldiOA=="],

    "qs": ["qs@6.5.3", "", {}, "sha512-qxXIEh4pCGfHICj1mAJQ2/2XVZkjCDTcEgfoSQxc/fYivUZxTkk7L3bDBJSoNrEzXI17oUO5Dp07ktqE5KzczA=="],

    "queue": ["queue@6.0.1", "", { "dependencies": { "inherits": "~2.0.3" } }, "sha512-AJBQabRCCNr9ANq8v77RJEv73DPbn55cdTb+Giq4X0AVnNVZvMHlYp7XlQiN+1npCZj1DuSmaA2hYVUUDgxFDg=="],

    "rc9": ["rc9@2.1.2", "", { "dependencies": { "defu": "^6.1.4", "destr": "^2.0.3" } }, "sha512-btXCnMmRIBINM2LDZoEmOogIZU7Qe7zn4BpomSKZ/ykbLObuBdvG+mFq11DL6fjH1DRwHhrlgtYWG96bJiC7Cg=="],

    "readable-stream": ["readable-stream@3.6.2", "", { "dependencies": { "inherits": "^2.0.3", "string_decoder": "^1.1.1", "util-deprecate": "^1.0.1" } }, "sha512-9u/sniCrY3D5WdsERHzHE4G2YCXqoG5FTHUiCC4SIbr6XcLZBY05ya9EKjYek9O5xOAwjGq+1JdGBAS7Q9ScoA=="],

    "readdirp": ["readdirp@4.1.2", "", {}, "sha512-GDhwkLfywWL2s6vEjyhri+eXmfH6j1L7JE27WhqLeYzoh/A3DBaYGEj2H/HFZCn/kMfim73FXxEJTw06WtxQwg=="],

    "request": ["request@2.88.2", "", { "dependencies": { "aws-sign2": "~0.7.0", "aws4": "^1.8.0", "caseless": "~0.12.0", "combined-stream": "~1.0.6", "extend": "~3.0.2", "forever-agent": "~0.6.1", "form-data": "~2.3.2", "har-validator": "~5.1.3", "http-signature": "~1.2.0", "is-typedarray": "~1.0.0", "isstream": "~0.1.2", "json-stringify-safe": "~5.0.1", "mime-types": "~2.1.19", "oauth-sign": "~0.9.0", "performance-now": "^2.1.0", "qs": "~6.5.2", "safe-buffer": "^5.1.2", "tough-cookie": "~2.5.0", "tunnel-agent": "^0.6.0", "uuid": "^3.3.2" } }, "sha512-MsvtOrfG9ZcrOwAW+Qi+F6HbD0CWXEh9ou77uOb7FM2WPhwT7smM833PzanhJLsgXjN89Ir6V2PczXNnMpwKhw=="],

    "safe-buffer": ["safe-buffer@5.2.1", "", {}, "sha512-rp3So07KcdmmKbGvgaNxQSJr7bGVSVk5S9Eq1F+ppbRo70+YeaDxkw5Dd8NPN+GD6bjnYm2VuPuCXmpuYvmCXQ=="],

    "safer-buffer": ["safer-buffer@2.1.2", "", {}, "sha512-YZo3K82SD7Riyi0E1EQPojLz7kpepnSQI9IyPbHHg1XXXevb5dJI7tpyN2ADxGcQbHG7vcyRHk0cbwqcQriUtg=="],

    "sax": ["sax@1.4.1", "", {}, "sha512-+aWOz7yVScEGoKNd4PA10LZ8sk0A/z5+nXQG5giUO5rprX9jgYsTdov9qCchZiPIZezbZH+jRut8nPodFAX4Jg=="],

    "smart-buffer": ["smart-buffer@4.2.0", "", {}, "sha512-94hK0Hh8rPqQl2xXc3HsaBoOXKV20MToPkcXvwbISWLEs+64sBq5kFgn2kJDHb1Pry9yrP0dxrCI9RRci7RXKg=="],

    "socks": ["socks@2.8.7", "", { "dependencies": { "ip-address": "^10.0.1", "smart-buffer": "^4.2.0" } }, "sha512-HLpt+uLy/pxB+bum/9DzAgiKS8CX1EvbWxI4zlmgGCExImLdiad2iCwXT5Z4c9c3Eq8rP2318mPW2c+QbtjK8A=="],

    "socks-proxy-agent": ["socks-proxy-agent@7.0.0", "", { "dependencies": { "agent-base": "^6.0.2", "debug": "^4.3.3", "socks": "^2.6.2" } }, "sha512-Fgl0YPZ902wEsAyiQ+idGd1A7rSFx/ayC1CQVMw5P+EQx2V0SgpGtf6OKFhVjPflPUl9YMmEOnmfjCdMUsygww=="],

    "sshpk": ["sshpk@1.18.0", "", { "dependencies": { "asn1": "~0.2.3", "assert-plus": "^1.0.0", "bcrypt-pbkdf": "^1.0.0", "dashdash": "^1.12.0", "ecc-jsbn": "~0.1.1", "getpass": "^0.1.1", "jsbn": "~0.1.0", "safer-buffer": "^2.0.2", "tweetnacl": "~0.14.0" }, "bin": { "sshpk-conv": "bin/sshpk-conv", "sshpk-sign": "bin/sshpk-sign", "sshpk-verify": "bin/sshpk-verify" } }, "sha512-2p2KJZTSqQ/I3+HX42EpYOa2l3f8Erv8MWKsy2I9uf4wA7yFIkXRffYdsx86y6z4vHtV8u7g+pPlr8/4ouAxsQ=="],

    "steam-appticket": ["steam-appticket@1.0.2", "", { "dependencies": { "@doctormckay/stdlib": "^1.6.0", "@doctormckay/steam-crypto": "^1.2.0", "bytebuffer": "^5.0.1", "protobufjs": "^6.8.8", "steamid": "^1.1.0" } }, "sha512-zwDwZALGv3RanE8RHNYcQU3u4Ez23EzMuQ4Lh15uIHddpDh6TI6uFGbC0HNyt6y+UJYSILe77A33VhFZKQiaqQ=="],

    "steam-session": ["steam-session@1.9.4", "", { "dependencies": { "@doctormckay/stdlib": "^2.9.0", "@doctormckay/user-agents": "^1.0.0", "debug": "^4.3.4", "kvparser": "^1.0.1", "node-bignumber": "^1.2.2", "protobufjs": "^7.1.0", "socks-proxy-agent": "^7.0.0", "steamid": "^2.0.0", "tiny-typed-emitter": "^2.1.0", "websocket13": "^4.0.0" } }, "sha512-MLvg1uMLEOIRHZS5LKruy1w5OqHb8EL7TeMxIY2a4mUcaVOgszz060+jo4c7s3gFeedyuoqGcfwJrR0pLKYzLw=="],

    "steam-totp": ["steam-totp@2.1.2", "", {}, "sha512-bTKlc/NoIUQId+my+O556s55DDsNNXfVIPWFDNVu68beql7AJhV0c+GTjFxfwCDYfdc4NkAme+0WrDdnY2D2VA=="],

    "steam-tradeoffer-manager": ["steam-tradeoffer-manager@2.12.2", "", { "dependencies": { "@doctormckay/stdlib": "^1.16.0", "async": "^2.6.0", "fast-deep-equal": "^2.0.1", "file-manager": "^1.0.1", "languages": "^0.1.3", "steamcommunity": "^3.48.2", "steamid": "^1.1.0" } }, "sha512-ZiGbLxCYxrgVr2Jauss1VeMoQrG7ZfPSXeoruduN//qR0xPyftloqoc8xw4WRWKa25HIHh4ddiNWQGaH4+6UJA=="],

    "steam-user": ["steam-user@5.2.3", "", { "dependencies": { "@bbob/parser": "^2.2.0", "@doctormckay/stdlib": "^2.9.1", "@doctormckay/steam-crypto": "^1.2.0", "adm-zip": "^0.5.10", "binarykvparser": "^2.2.0", "bytebuffer": "^5.0.0", "file-manager": "^2.0.0", "kvparser": "^1.0.1", "lzma": "^2.3.2", "protobufjs": "^7.2.4", "socks-proxy-agent": "^7.0.0", "steam-appticket": "^1.0.1", "steam-session": "^1.8.0", "steam-totp": "^2.0.1", "steamid": "^2.0.0", "websocket13": "^4.0.0", "zstddec": "^0.1.0" } }, "sha512-6Yzaa0l7fcSRaaJzHjfuqettYqAsrW3+1AEu/cj4M/lgRYXa0DfOAjuWj0/wesfkogwuXNE4N/ZMZvNir8TVtw=="],

    "steamcommunity": ["steamcommunity@3.49.0", "", { "dependencies": { "@doctormckay/user-agents": "^1.0.0", "async": "^2.6.3", "cheerio": "0.22.0", "image-size": "^0.8.2", "request": "^2.88.0", "steam-session": "^1.9.1", "steam-totp": "^1.5.0", "steamid": "^1.1.3", "xml2js": "^0.6.2" } }, "sha512-f5w+/mOcrfobueEG0n77RMh09SqEqqv90Rm6l/AYhANw9q8T/SLKIHEp3ya1rvt5GWCiDoCVjCbAfCtd633S0g=="],

    "steamid": ["steamid@1.1.3", "", { "dependencies": { "cuint": "^0.2.1" } }, "sha512-t86YjtP1LtPt8D+TaIARm6PtC9tBnF1FhxQeLFs6ohG7vDUfQuy/M8II14rx1TTUkVuYoWHP/7DlvTtoCGULcw=="],

    "string_decoder": ["string_decoder@1.3.0", "", { "dependencies": { "safe-buffer": "~5.2.0" } }, "sha512-hkRX8U1WjJFd8LsDJ2yQ/wWWxaopEsABU1XfkM8A+j0+85JAGppt16cr1Whg6KIbb4okU6Mql6BOj+uup/wKeA=="],

    "strtok3": ["strtok3@10.3.4", "", { "dependencies": { "@tokenizer/token": "^0.3.0" } }, "sha512-KIy5nylvC5le1OdaaoCJ07L+8iQzJHGH6pWDuzS+d07Cu7n1MZ2x26P8ZKIWfbK02+XIL8Mp4RkWeqdUCrDMfg=="],

    "tiny-typed-emitter": ["tiny-typed-emitter@2.1.0", "", {}, "sha512-qVtvMxeXbVej0cQWKqVSSAHmKZEHAvxdF8HEUBFWts8h+xEo5m/lEiPakuyZ3BnCBjOD8i24kzNOiOLLgsSxhA=="],

    "tinyexec": ["tinyexec@1.0.1", "", {}, "sha512-5uC6DDlmeqiOwCPmK9jMSdOuZTh8bU39Ys6yidB+UTt5hfZUPGAypSgFRiEp+jbi9qH40BLDvy85jIU88wKSqw=="],

    "token-types": ["token-types@6.1.1", "", { "dependencies": { "@borewit/text-codec": "^0.1.0", "@tokenizer/token": "^0.3.0", "ieee754": "^1.2.1" } }, "sha512-kh9LVIWH5CnL63Ipf0jhlBIy0UsrMj/NJDfpsy1SqOXlLKEVyXXYrnFxFT1yOOYVGBSApeVnjPw/sBz5BfEjAQ=="],

    "tough-cookie": ["tough-cookie@2.5.0", "", { "dependencies": { "psl": "^1.1.28", "punycode": "^2.1.1" } }, "sha512-nlLsUzgm1kfLXSXfRZMc1KLAugd4hqJHDTvc2hDIwS3mZAfMEuMbc03SujMF+GEcpaX/qboeycw6iO8JwVv2+g=="],

    "tunnel-agent": ["tunnel-agent@0.6.0", "", { "dependencies": { "safe-buffer": "^5.0.1" } }, "sha512-McnNiV1l8RYeY8tBgEpuodCC1mLUdbSN+CYBL7kJsJNInOP8UjDDEwdk6Mw60vdLLrr5NHKZhMAOSrR2NZuQ+w=="],

    "tweetnacl": ["tweetnacl@0.14.5", "", {}, "sha512-KXXFFdAbFXY4geFIwoyNK+f5Z1b7swfXABfL7HXCmoIWMKU3dmS26672A4EeQtDzLKy7SXmfBu51JolvEKwtGA=="],

    "typescript": ["typescript@5.9.3", "", { "bin": { "tsc": "bin/tsc", "tsserver": "bin/tsserver" } }, "sha512-jl1vZzPDinLr9eUt3J/t7V6FgNEw9QjvBPdysz9KfQDD41fQrC2Y4vKQdiaUpFT4bXlb1RHhLpp8wtm6M5TgSw=="],

    "uint8array-extras": ["uint8array-extras@1.5.0", "", {}, "sha512-rvKSBiC5zqCCiDZ9kAOszZcDvdAHwwIKJG33Ykj43OKcWsnmcBRL09YTU4nOeHZ8Y2a7l1MgTd08SBe9A8Qj6A=="],

    "undici-types": ["undici-types@7.16.0", "", {}, "sha512-Zz+aZWSj8LE6zoxD+xrjh4VfkIG8Ya6LvYkZqtUQGJPZjYl53ypCaUwWqo7eI0x66KBGeRo+mlBEkMSeSZ38Nw=="],

    "uri-js": ["uri-js@4.4.1", "", { "dependencies": { "punycode": "^2.1.0" } }, "sha512-7rKUyy33Q1yc98pQ1DAmLtwX109F7TIfWlW1Ydo8Wl1ii1SeHieeh0HHfPeL2fMXK6z0s8ecKs9frCuLJvndBg=="],

    "util-deprecate": ["util-deprecate@1.0.2", "", {}, "sha512-EPD5q1uXyFxJpCrLnCc1nHnq3gOa6DZBocAIiI2TaSCA7VCJ1UJDMagCzIkXNsUYfD1daK//LTEQ8xiIbrHtcw=="],

    "uuid": ["uuid@3.4.0", "", { "bin": { "uuid": "./bin/uuid" } }, "sha512-HjSDRw6gZE5JMggctHBcjVak08+KEVhSIiDzFnT9S9aegmp85S/bReBVTb4QTFaRNptJ9kuYaNhnbNEOkbKb/A=="],

    "verror": ["verror@1.10.0", "", { "dependencies": { "assert-plus": "^1.0.0", "core-util-is": "1.0.2", "extsprintf": "^1.2.0" } }, "sha512-ZZKSmDAEFOijERBLkmYfJ+vmk3w+7hOLYDNkRCuRuMJGEmqYNCNLyBBFwWKVMhfwaEF3WOd0Zlw86U/WC/+nYw=="],

    "websocket-extensions": ["websocket-extensions@0.1.4", "", {}, "sha512-OqedPIGOfsDlo31UNwYbCFMSaO9m9G/0faIHj5/dZFDMFqPTcx6UwqyOy3COEaEOg/9VsGIpdqn62W5KhoKSpg=="],

    "websocket13": ["websocket13@4.0.0", "", { "dependencies": { "@doctormckay/stdlib": "^2.7.1", "bytebuffer": "^5.0.1", "permessage-deflate": "^0.1.7", "tiny-typed-emitter": "^2.1.0", "websocket-extensions": "^0.1.4" } }, "sha512-/ujP9ZfihyAZIXKGxcYpoe7Gj4r5o3WYSfP93o9lVNhhqoBtYba4m1s3mxdjKZu/HOhX5Mcqrt89dv/gC3b06A=="],

    "xml2js": ["xml2js@0.6.2", "", { "dependencies": { "sax": ">=0.6.0", "xmlbuilder": "~11.0.0" } }, "sha512-T4rieHaC1EXcES0Kxxj4JWgaUQHDk+qwHcYOCFHfiwKz7tOVPLq7Hjq9dM1WCMhylqMEfP7hMcOIChvotiZegA=="],

    "xmlbuilder": ["xmlbuilder@11.0.1", "", {}, "sha512-fDlsI/kFEx7gLvbecc0/ohLG50fugQp8ryHzMTuW9vSa1GJ0XYWKnhsUx7oie3G98+r56aTQIUB4kht42R3JvA=="],

    "zstddec": ["zstddec@0.1.0", "", {}, "sha512-w2NTI8+3l3eeltKAdK8QpiLo/flRAr2p8AGeakfMZOXBxOg9HIu4LVDxBi81sYgVhFhdJjv1OrB5ssI8uFPoLg=="],

    "ajv/fast-deep-equal": ["fast-deep-equal@3.1.3", "", {}, "sha512-f3qQ9oQy9j2AhBe/H9VC91wLmKBCCU/gDOnKNAYG5hswO7BLKj09Hc5HYNz9cGI++xlpDCIgDaitVs03ATR84Q=="],

    "binarykvparser/long": ["long@3.2.0", "", { "bundled": true }, "sha512-ZYvPPOMqUwPoDsbJaR10iQJYnMuZhRTvHYl62ErLIEX7RgFlziSBUUvrt3OVfc47QlHHpzPZYP17g3Fv7oeJkg=="],

    "file-manager/async": ["async@1.5.2", "", {}, "sha512-nSVgobk4rv61R9PUSDtYt7mPVB2olxNR5RWJcAsH676/ef11bUZwvu7+RGYrYauVdDPcO519v68wRhXQtxsV9w=="],

    "htmlparser2/domutils": ["domutils@1.7.0", "", { "dependencies": { "dom-serializer": "0", "domelementtype": "1" } }, "sha512-Lgd2XcJ/NjEw+7tFvfKxOzCYKZsdct5lczQ2ZaQY8Djz7pfAD3Gbp8ySJWtreII/vDlMVmxwa6pHmdxIYgttDg=="],

    "protobufjs/long": ["long@5.3.2", "", {}, "sha512-mNAgZ1GmyNhD7AuqnTG3/VQ26o760+ZYBPKjPvugO8+nLbYfX6TVpJPseBvopbdY+qpZ/lKUnmEc1LeZYS3QAA=="],

    "steam-appticket/protobufjs": ["protobufjs@6.11.4", "", { "dependencies": { "@protobufjs/aspromise": "^1.1.2", "@protobufjs/base64": "^1.1.2", "@protobufjs/codegen": "^2.0.4", "@protobufjs/eventemitter": "^1.1.0", "@protobufjs/fetch": "^1.1.0", "@protobufjs/float": "^1.0.2", "@protobufjs/inquire": "^1.1.0", "@protobufjs/path": "^1.1.2", "@protobufjs/pool": "^1.1.0", "@protobufjs/utf8": "^1.1.0", "@types/long": "^4.0.1", "@types/node": ">=13.7.0", "long": "^4.0.0" }, "bin": { "pbjs": "bin/pbjs", "pbts": "bin/pbts" } }, "sha512-5kQWPaJHi1WoCpjTGszzQ32PG2F4+wRY6BmAT4Vfw56Q2FZ4YZzK20xUYQH4YkfehY1e6QSICrJquM6xXZNcrw=="],

    "steam-session/@doctormckay/stdlib": ["@doctormckay/stdlib@2.10.0", "", { "dependencies": { "psl": "^1.9.0" } }, "sha512-bwy+gPn6oa2KTpfxJKX3leZoV/wHDVtO0/gq3usPvqPswG//dcf3jVB8LcbRRsKO3BXCt5DqctOQ+Xb07ivxnw=="],

    "steam-session/steamid": ["steamid@2.1.0", "", {}, "sha512-ndt1cvuuSC+i8fcxVsmeyRlgGsR1QsoAuIXz+eabj8/Y4GIWE2+mgHA7Hys61JDHOxttfWtXHtN2m5TNYTlORg=="],

    "steam-user/@doctormckay/stdlib": ["@doctormckay/stdlib@2.10.0", "", { "dependencies": { "psl": "^1.9.0" } }, "sha512-bwy+gPn6oa2KTpfxJKX3leZoV/wHDVtO0/gq3usPvqPswG//dcf3jVB8LcbRRsKO3BXCt5DqctOQ+Xb07ivxnw=="],

    "steam-user/file-manager": ["file-manager@2.0.1", "", { "dependencies": { "@doctormckay/stdlib": "^1.14.1" } }, "sha512-y/K/1OCha04OXOxzo3cXJYtIzEk/CUMBb7Okipxueu0u+xCiuoocbwPyh1smUBasOobo4GAYmjgjD9Vh5zI51w=="],

    "steam-user/steamid": ["steamid@2.1.0", "", {}, "sha512-ndt1cvuuSC+i8fcxVsmeyRlgGsR1QsoAuIXz+eabj8/Y4GIWE2+mgHA7Hys61JDHOxttfWtXHtN2m5TNYTlORg=="],

    "steamcommunity/steam-totp": ["steam-totp@1.5.0", "", { "dependencies": { "@doctormckay/stats-reporter": "^1.0.0" } }, "sha512-RMlBK5dFtgplDMYYGg/k80RqEntzBcl7C/0RF18fQh9+XPe/iEMsfKmIE+xj8I3hqJW1akANAC6gf+YpfZq52w=="],

    "websocket13/@doctormckay/stdlib": ["@doctormckay/stdlib@2.10.0", "", { "dependencies": { "psl": "^1.9.0" } }, "sha512-bwy+gPn6oa2KTpfxJKX3leZoV/wHDVtO0/gq3usPvqPswG//dcf3jVB8LcbRRsKO3BXCt5DqctOQ+Xb07ivxnw=="],

    "steam-appticket/protobufjs/long": ["long@4.0.0", "", {}, "sha512-XsP+KhQif4bjX1kbuSiySJFNAehNxgLb6hPRGJ9QsUr8ajHkuXGdrHmFUTUUXhDwVX2R5bY4JNZEwbUiMhV+MA=="],

    "steam-user/file-manager/@doctormckay/stdlib": ["@doctormckay/stdlib@1.16.1", "", {}, "sha512-XhuUOzElz6fnNdt70IYNKqhPAEpGaL4JHOhAvklRh0hAhVPW+/wLxaWT3DWUbaG5Dta5YvIp7+cZK3GhIpAuug=="],
  }
}
